
Microsoft Visual Studio Solution File, Format Version 12.00
# Visual Studio 14
VisualStudioVersion = 14.0.25420.1
MinimumVisualStudioVersion = 10.0.40219.1
Project("{FAE04EC0-301F-11D3-BF4B-00C04F79EFBC}") = "NEAPrint", "NEAPrint\NEAPrint.csproj", "{012D98A8-25A1-41F2-B8F0-DE35938E6A8D}"
EndProject
Global
	GlobalSection(SolutionConfigurationPlatforms) = preSolution
		Debug|Any CPU = Debug|Any CPU
		Release|Any CPU = Release|Any CPU
	EndGlobalSection
	GlobalSection(ProjectConfigurationPlatforms) = postSolution
		{012D98A8-25A1-41F2-B8F0-DE35938E6A8D}.Debug|Any CPU.ActiveCfg = Debug|Any CPU
		{012D98A8-25A1-41F2-B8F0-DE35938E6A8D}.Debug|Any CPU.Build.0 = Debug|Any CPU
		{012D98A8-25A1-41F2-B8F0-DE35938E6A8D}.Release|Any CPU.ActiveCfg = Release|Any CPU
		{012D98A8-25A1-41F2-B8F0-DE35938E6A8D}.Release|Any CPU.Build.0 = Release|Any CPU
	EndGlobalSection
	GlobalSection(SolutionProperties) = preSolution
		HideSolutionNode = FALSE
	EndGlobalSection
EndGlobal
